// !$*UTF8*$!
{
	archiveVersion = 1;
	classes = {
	};
	objectVersion = 46;
	objects = {

/* Begin PBXBuildFile section */
		FD977E241F4AD81C00AF5532 /* AppDelegate.swift in Sources */ = {isa = PBXBuildFile; fileRef = FD977E231F4AD81C00AF5532 /* AppDelegate.swift */; };
		FD977E261F4AD81C00AF5532 /* ViewController.swift in Sources */ = {isa = PBXBuildFile; fileRef = FD977E251F4AD81C00AF5532 /* ViewController.swift */; };
		FD977E291F4AD81C00AF5532 /* Main.storyboard in Resources */ = {isa = PBXBuildFile; fileRef = FD977E271F4AD81C00AF5532 /* Main.storyboard */; };
		FD977E2B1F4AD81C00AF5532 /* Assets.xcassets in Resources */ = {isa = PBXBuildFile; fileRef = FD977E2A1F4AD81C00AF5532 /* Assets.xcassets */; };
		FD977E2E1F4AD81C00AF5532 /* LaunchScreen.storyboard in Resources */ = {isa = PBXBuildFile; fileRef = FD977E2C1F4AD81C00AF5532 /* LaunchScreen.storyboard */; };
		FD977E3A1F4ADA6400AF5532 /* Localizable.strings in Resources */ = {isa = PBXBuildFile; fileRef = FD977E3C1F4ADA6400AF5532 /* Localizable.strings */; };
/* End PBXBuildFile section */

/* Begin PBXFileReference section */
		FD977E201F4AD81C00AF5532 /* TestLocalization.app */ = {isa = PBXFileReference; explicitFileType = wrapper.application; includeInIndex = 0; path = TestLocalization.app; sourceTree = BUILT_PRODUCTS_DIR; };
		FD977E231F4AD81C00AF5532 /* AppDelegate.swift */ = {isa = PBXFileReference; lastKnownFileType = sourcecode.swift; path = AppDelegate.swift; sourceTree = "<group>"; };
		FD977E251F4AD81C00AF5532 /* ViewController.swift */ = {isa = PBXFileReference; lastKnownFileType = sourcecode.swift; path = ViewController.swift; sourceTree = "<group>"; };
		FD977E281F4AD81C00AF5532 /* Base */ = {isa = PBXFileReference; lastKnownFileType = file.storyboard; name = Base; path = Base.lproj/Main.storyboard; sourceTree = "<group>"; };
		FD977E2A1F4AD81C00AF5532 /* Assets.xcassets */ = {isa = PBXFileReference; lastKnownFileType = folder.assetcatalog; path = Assets.xcassets; sourceTree = "<group>"; };
		FD977E2D1F4AD81C00AF5532 /* Base */ = {isa = PBXFileReference; lastKnownFileType = file.storyboard; name = Base; path = Base.lproj/LaunchScreen.storyboard; sourceTree = "<group>"; };
		FD977E2F1F4AD81C00AF5532 /* Info.plist */ = {isa = PBXFileReference; lastKnownFileType = text.plist.xml; path = Info.plist; sourceTree = "<group>"; };
		FD977E3D1F4ADA6800AF5532 /* Base */ = {isa = PBXFileReference; lastKnownFileType = text.plist.strings; name = Base; path = Base.lproj/Localizable.strings; sourceTree = "<group>"; };
		FD977E3E1F4AE5FA00AF5532 /* bn-BD */ = {isa = PBXFileReference; lastKnownFileType = text.plist.strings; name = "bn-BD"; path = "bn-BD.lproj/Localizable.strings"; sourceTree = "<group>"; };
/* End PBXFileReference section */

/* Begin PBXFrameworksBuildPhase section */
		FD977E1D1F4AD81C00AF5532 /* Frameworks */ = {
			isa = PBXFrameworksBuildPhase;
			buildActionMask = 2147483647;
			files = (
			);
			runOnlyForDeploymentPostprocessing = 0;
		};
/* End PBXFrameworksBuildPhase section */

/* Begin PBXGroup section */
		FD977E171F4AD81C00AF5532 = {
			isa = PBXGroup;
			children = (
				FD977E221F4AD81C00AF5532 /* TestLocalization */,
				FD977E211F4AD81C00AF5532 /* Products */,
			);
			sourceTree = "<group>";
		};
		FD977E211F4AD81C00AF5532 /* Products */ = {
			isa = PBXGroup;
			children = (
				FD977E201F4AD81C00AF5532 /* TestLocalization.app */,
			);
			name = Products;
			sourceTree = "<group>";
		};
		FD977E221F4AD81C00AF5532 /* TestLocalization */ = {
			isa = PBXGroup;
			children = (
				FD977E231F4AD81C00AF5532 /* AppDelegate.swift */,
				FD977E251F4AD81C00AF5532 /* ViewController.swift */,
				FD977E271F4AD81C00AF5532 /* Main.storyboard */,
				FD977E2A1F4AD81C00AF5532 /* Assets.xcassets */,
				FD977E2C1F4AD81C00AF5532 /* LaunchScreen.storyboard */,
				FD977E2F1F4AD81C00AF5532 /* Info.plist */,
				FD977E3C1F4ADA6400AF5532 /* Localizable.strings */,
			);
			path = TestLocalization;
			sourceTree = "<group>";
		};
/* End PBXGroup section */

/* Begin PBXNativeTarget section */
		FD977E1F1F4AD81C00AF5532 /* TestLocalization */ = {
			isa = PBXNativeTarget;
			buildConfigurationList = FD977E321F4AD81C00AF5532 /* Build configuration list for PBXNativeTarget "TestLocalization" */;
			buildPhases = (
				FD977E1C1F4AD81C00AF5532 /* Sources */,
				FD977E1D1F4AD81C00AF5532 /* Frameworks */,
				FD977E1E1F4AD81C00AF5532 /* Resources */,
			);
			buildRules = (
			);
			dependencies = (
			);
			name = TestLocalization;
			productName = TestLocalization;
			productReference = FD977E201F4AD81C00AF5532 /* TestLocalization.app */;
			productType = "com.apple.product-type.application";
		};
/* End PBXNativeTarget section */

/* Begin PBXProject section */
		FD977E181F4AD81C00AF5532 /* Project object */ = {
			isa = PBXProject;
			attributes = {
				LastSwiftUpdateCheck = 0830;
				LastUpgradeCheck = 0830;
				ORGANIZATIONNAME = mainul;
				TargetAttributes = {
					FD977E1F1F4AD81C00AF5532 = {
						CreatedOnToolsVersion = 8.3.3;
						ProvisioningStyle = Automatic;
					};
				};
			};
			buildConfigurationList = FD977E1B1F4AD81C00AF5532 /* Build configuration list for PBXProject "TestLocalization" */;
			compatibilityVersion = "Xcode 3.2";
			developmentRegion = English;
			hasScannedForEncodings = 0;
			knownRegions = (
				en,
				Base,
				"bn-BD",
			);
			mainGroup = FD977E171F4AD81C00AF5532;
			productRefGroup = FD977E211F4AD81C00AF5532 /* Products */;
			projectDirPath = "";
			projectRoot = "";
			targets = (
				FD977E1F1F4AD81C00AF5532 /* TestLocalization */,
			);
		};
/* End PBXProject section */

/* Begin PBXResourcesBuildPhase section */
		FD977E1E1F4AD81C00AF5532 /* Resources */ = {
			isa = PBXResourcesBuildPhase;
			buildActionMask = 2147483647;
			files = (
				FD977E2E1F4AD81C00AF5532 /* LaunchScreen.storyboard in Resources */,
				FD977E3A1F4ADA6400AF5532 /* Localizable.strings in Resources */,
				FD977E2B1F4AD81C00AF5532 /* Assets.xcassets in Resources */,
				FD977E291F4AD81C00AF5532 /* Main.storyboard in Resources */,
			);
			runOnlyForDeploymentPostprocessing = 0;
		};
/* End PBXResourcesBuildPhase section */

/* Begin PBXSourcesBuildPhase section */
		FD977E1C1F4AD81C00AF5532 /* Sources */ = {
			isa = PBXSourcesBuildPhase;
			buildActionMask = 2147483647;
			files = (
				FD977E261F4AD81C00AF5532 /* ViewController.swift in Sources */,
				FD977E241F4AD81C00AF5532 /* AppDelegate.swift in Sources */,
			);
			runOnlyForDeploymentPostprocessing = 0;
		};
/* End PBXSourcesBuildPhase section */

/* Begin PBXVariantGroup section */
		FD977E271F4AD81C00AF5532 /* Main.storyboard */ = {
			isa = PBXVariantGroup;
			children = (
				FD977E281F4AD81C00AF5532 /* Base */,
			);
			name = Main.storyboard;
			sourceTree = "<group>";
		};
		FD977E2C1F4AD81C00AF5532 /* LaunchScreen.storyboard */ = {
			isa = PBXVariantGroup;
			children = (
				FD977E2D1F4AD81C00AF5532 /* Base */,
			);
			name = LaunchScreen.storyboard;
			sourceTree = "<group>";
		};
		FD977E3C1F4ADA6400AF5532 /* Localizable.strings */ = {
			isa = PBXVariantGroup;
			children = (
				FD977E3D1F4ADA6800AF5532 /* Base */,
				FD977E3E1F4AE5FA00AF5532 /* bn-BD */,
			);
			name = Localizable.strings;
			sourceTree = "<group>";
		};
/* End PBXVariantGroup section */

/* Begin XCBuildConfiguration section */
		FD977E301F4AD81C00AF5532 /* Debug */ = {
			isa = XCBuildConfiguration;
			buildSettings = {
				ALWAYS_SEARCH_USER_PATHS = NO;
				CLANG_ANALYZER_LOCALIZABILITY_NONLOCALIZED = YES;
				CLANG_ANALYZER_NONNULL = YES;
				CLANG_ANALYZER_NUMBER_OBJECT_CONVERSION = YES_AGGRESSIVE;
				CLANG_CXX_LANGUAGE_STANDARD = "gnu++0x";
				CLANG_CXX_LIBRARY = "libc++";
				CLANG_ENABLE_MODULES = YES;
				CLANG_ENABLE_OBJC_ARC = YES;
				CLANG_WARN_BOOL_CONVERSION = YES;
				CLANG_WARN_CONSTANT_CONVERSION = YES;
				CLANG_WARN_DIRECT_OBJC_ISA_USAGE = YES_ERROR;
				CLANG_WARN_DOCUMENTATION_COMMENTS = YES;
				CLANG_WARN_EMPTY_BODY = YES;
				CLANG_WARN_ENUM_CONVERSION = YES;
				CLANG_WARN_INFINITE_RECURSION = YES;
				CLANG_WARN_INT_CONVERSION = YES;
				CLANG_WARN_OBJC_ROOT_CLASS = YES_ERROR;
				CLANG_WARN_SUSPICIOUS_MOVE = YES;
				CLANG_WARN_UNREACHABLE_CODE = YES;
				CLANG_WARN__DUPLICATE_METHOD_MATCH = YES;
				"CODE_SIGN_IDENTITY[sdk=iphoneos*]" = "iPhone Developer";
				COPY_PHASE_STRIP = NO;
				DEBUG_INFORMATION_FORMAT = dwarf;
				ENABLE_STRICT_OBJC_MSGSEND = YES;
				ENABLE_TESTABILITY = YES;
				GCC_C_LANGUAGE_STANDARD = gnu99;
				GCC_DYNAMIC_NO_PIC = NO;
				GCC_NO_COMMON_BLOCKS = YES;
				GCC_OPTIMIZATION_LEVEL = 0;
				GCC_PREPROCESSOR_DEFINITIONS = (
					"DEBUG=1",
					"$(inherited)",
				);
				GCC_WARN_64_TO_32_BIT_CONVERSION = YES;
				GCC_WARN_ABOUT_RETURN_TYPE = YES_ERROR;
				GCC_WARN_UNDECLARED_SELECTOR = YES;
				GCC_WARN_UNINITIALIZED_AUTOS = YES_AGGRESSIVE;
				GCC_WARN_UNUSED_FUNCTION = YES;
				GCC_WARN_UNUSED_VARIABLE = YES;
				IPHONEOS_DEPLOYMENT_TARGET = 10.3;
				MTL_ENABLE_DEBUG_INFO = YES;
				ONLY_ACTIVE_ARCH = YES;
				SDKROOT = iphoneos;
				SWIFT_ACTIVE_COMPILATION_CONDITIONS = DEBUG;
				SWIFT_OPTIMIZATION_LEVEL = "-Onone";
				TARGETED_DEVICE_FAMILY = "1,2";
			};
			name = Debug;
		};
		FD977E311F4AD81C00AF5532 /* Release */ = {
			isa = XCBuildConfiguration;
			buildSettings = {
				ALWAYS_SEARCH_USER_PATHS = NO;
				CLANG_ANALYZER_LOCALIZABILITY_NONLOCALIZED = YES;
				CLANG_ANALYZER_NONNULL = YES;
				CLANG_ANALYZER_NUMBER_OBJECT_CONVERSION = YES_AGGRESSIVE;
				CLANG_CXX_LANGUAGE_STANDARD = "gnu++0x";
				CLANG_CXX_LIBRARY = "libc++";
				CLANG_ENABLE_MODULES = YES;
				CLANG_ENABLE_OBJC_ARC = YES;
				CLANG_WARN_BOOL_CONVERSION = YES;
				CLANG_WARN_CONSTANT_CONVERSION = YES;
				CLANG_WARN_DIRECT_OBJC_ISA_USAGE = YES_ERROR;
				CLANG_WARN_DOCUMENTATION_COMMENTS = YES;
				CLANG_WARN_EMPTY_BODY = YES;
				CLANG_WARN_ENUM_CONVERSION = YES;
				CLANG_WARN_INFINITE_RECURSION = YES;
				CLANG_WARN_INT_CONVERSION = YES;
				CLANG_WARN_OBJC_ROOT_CLASS = YES_ERROR;
				CLANG_WARN_SUSPICIOUS_MOVE = YES;
				CLANG_WARN_UNREACHABLE_CODE = YES;
				CLANG_WARN__DUPLICATE_METHOD_MATCH = YES;
				"CODE_SIGN_IDENTITY[sdk=iphoneos*]" = "iPhone Developer";
				COPY_PHASE_STRIP = NO;
				DEBUG_INFORMATION_FORMAT = "dwarf-with-dsym";
				ENABLE_NS_ASSERTIONS = NO;
				ENABLE_STRICT_OBJC_MSGSEND = YES;
				GCC_C_LANGUAGE_STANDARD = gnu99;
				GCC_NO_COMMON_BLOCKS = YES;
				GCC_WARN_64_TO_32_BIT_CONVERSION = YES;
				GCC_WARN_ABOUT_RETURN_TYPE = YES_ERROR;
				GCC_WARN_UNDECLARED_SELECTOR = YES;
				GCC_WARN_UNINITIALIZED_AUTOS = YES_AGGRESSIVE;
				GCC_WARN_UNUSED_FUNCTION = YES;
				GCC_WARN_UNUSED_VARIABLE = YES;
				IPHONEOS_DEPLOYMENT_TARGET = 10.3;
				MTL_ENABLE_DEBUG_INFO = NO;
				SDKROOT = iphoneos;
				SWIFT_OPTIMIZATION_LEVEL = "-Owholemodule";
				TARGETED_DEVICE_FAMILY = "1,2";
				VALIDATE_PRODUCT = YES;
			};
			name = Release;
		};
		FD977E331F4AD81C00AF5532 /* Debug */ = {
			isa = XCBuildConfiguration;
			buildSettings = {
				ASSETCATALOG_COMPILER_APPICON_NAME = AppIcon;
				INFOPLIST_FILE = TestLocalization/Info.plist;
				LD_RUNPATH_SEARCH_PATHS = "$(inherited) @executable_path/Frameworks";
				PRODUCT_BUNDLE_IDENTIFIER = com.therap.TestLocalization;
				PRODUCT_NAME = "$(TARGET_NAME)";
				SWIFT_VERSION = 3.0;
			};
			name = Debug;
		};
		FD977E341F4AD81C00AF5532 /* Release */ = {
			isa = XCBuildConfiguration;
			buildSettings = {
				ASSETCATALOG_COMPILER_APPICON_NAME = AppIcon;
				INFOPLIST_FILE = TestLocalization/Info.plist;
				LD_RUNPATH_SEARCH_PATHS = "$(inherited) @executable_path/Frameworks";
				PRODUCT_BUNDLE_IDENTIFIER = com.therap.TestLocalization;
				PRODUCT_NAME = "$(TARGET_NAME)";
				SWIFT_VERSION = 3.0;
			};
			name = Release;
		};
/* End XCBuildConfiguration section */

/* Begin XCConfigurationList section */
		FD977E1B1F4AD81C00AF5532 /* Build configuration list for PBXProject "TestLocalization" */ = {
			isa = XCConfigurationList;
			buildConfigurations = (
				FD977E301F4AD81C00AF5532 /* Debug */,
				FD977E311F4AD81C00AF5532 /* Release */,
			);
			defaultConfigurationIsVisible = 0;
			defaultConfigurationName = Release;
		};
		FD977E321F4AD81C00AF5532 /* Build configuration list for PBXNativeTarget "TestLocalization" */ = {
			isa = XCConfigurationList;
			buildConfigurations = (
				FD977E331F4AD81C00AF5532 /* Debug */,
				FD977E341F4AD81C00AF5532 /* Release */,
			);
			defaultConfigurationIsVisible = 0;
			defaultConfigurationName = Release;
		};
/* End XCConfigurationList section */
	};
	rootObject = FD977E181F4AD81C00AF5532 /* Project object */;
}
